
Microsoft Visual Studio Solution File, Format Version 11.00
# Visual Studio 2010
Project("{888888A0-9F3D-457C-B088-3A5042F75D52}") = "shalgrim", "shalgrim.pyproj", "{E58E8EB2-F10F-4CF4-8562-9676BC50C1D2}"
EndProject
Global
	GlobalSection(SolutionConfigurationPlatforms) = preSolution
		Debug|Any CPU = Debug|Any CPU
		Release|Any CPU = Release|Any CPU
	EndGlobalSection
	GlobalSection(ProjectConfigurationPlatforms) = postSolution
		{E58E8EB2-F10F-4CF4-8562-9676BC50C1D2}.Debug|Any CPU.ActiveCfg = Debug|Any CPU
		{E58E8EB2-F10F-4CF4-8562-9676BC50C1D2}.Release|Any CPU.ActiveCfg = Release|Any CPU
	EndGlobalSection
	GlobalSection(SolutionProperties) = preSolution
		HideSolutionNode = FALSE
	EndGlobalSection
EndGlobal
